
Microsoft Visual Studio Solution File, Format Version 12.00
# Visual Studio Version 16
VisualStudioVersion = 16.0.29009.5
MinimumVisualStudioVersion = 10.0.40219.1
Project("{9A19103F-16F7-4668-BE54-9A1E7A4F7556}") = "Strategia.Kaczki", "Strategia.Kaczki\Strategia.Kaczki.csproj", "{13BDF6AC-D9E3-47C8-85CC-3A1B72CC7D29}"
EndProject
Project("{9A19103F-16F7-4668-BE54-9A1E7A4F7556}") = "Obserwator.StacjaMeteo", "Obserwator.StacjaMeteo\Obserwator.StacjaMeteo.csproj", "{A0E97297-6EBA-42BF-A3D8-C09B00BCACBE}"
EndProject
Project("{9A19103F-16F7-4668-BE54-9A1E7A4F7556}") = "Dekorator.StarCafe", "Dekorator.StarCafe\Dekorator.StarCafe.csproj", "{A2E422D0-3315-48F4-AF0F-CD6764D3E4A2}"
EndProject
Project("{9A19103F-16F7-4668-BE54-9A1E7A4F7556}") = "Fabryka.Pizzeria", "Fabryka.Pizzeria\Fabryka.Pizzeria.csproj", "{FC07C7DE-0C09-404E-B1B0-D94F36124E4D}"
EndProject
Project("{9A19103F-16F7-4668-BE54-9A1E7A4F7556}") = "Singleton.CzekoladowyKocioł", "Singleton.CzekoladowyKocioł\Singleton.CzekoladowyKocioł.csproj", "{67866067-6D23-4D64-9025-31BB313B7CA5}"
EndProject
Project("{FAE04EC0-301F-11D3-BF4B-00C04F79EFBC}") = "Polecenie.Pilot", "Polecenie.Pilot\Polecenie.Pilot.csproj", "{4077DAC2-FD68-4964-999C-A415EA9BCEAA}"
EndProject
Global
	GlobalSection(SolutionConfigurationPlatforms) = preSolution
		Debug|Any CPU = Debug|Any CPU
		Release|Any CPU = Release|Any CPU
	EndGlobalSection
	GlobalSection(ProjectConfigurationPlatforms) = postSolution
		{13BDF6AC-D9E3-47C8-85CC-3A1B72CC7D29}.Debug|Any CPU.ActiveCfg = Debug|Any CPU
		{13BDF6AC-D9E3-47C8-85CC-3A1B72CC7D29}.Debug|Any CPU.Build.0 = Debug|Any CPU
		{13BDF6AC-D9E3-47C8-85CC-3A1B72CC7D29}.Release|Any CPU.ActiveCfg = Release|Any CPU
		{13BDF6AC-D9E3-47C8-85CC-3A1B72CC7D29}.Release|Any CPU.Build.0 = Release|Any CPU
		{A0E97297-6EBA-42BF-A3D8-C09B00BCACBE}.Debug|Any CPU.ActiveCfg = Debug|Any CPU
		{A0E97297-6EBA-42BF-A3D8-C09B00BCACBE}.Debug|Any CPU.Build.0 = Debug|Any CPU
		{A0E97297-6EBA-42BF-A3D8-C09B00BCACBE}.Release|Any CPU.ActiveCfg = Release|Any CPU
		{A0E97297-6EBA-42BF-A3D8-C09B00BCACBE}.Release|Any CPU.Build.0 = Release|Any CPU
		{A2E422D0-3315-48F4-AF0F-CD6764D3E4A2}.Debug|Any CPU.ActiveCfg = Debug|Any CPU
		{A2E422D0-3315-48F4-AF0F-CD6764D3E4A2}.Debug|Any CPU.Build.0 = Debug|Any CPU
		{A2E422D0-3315-48F4-AF0F-CD6764D3E4A2}.Release|Any CPU.ActiveCfg = Release|Any CPU
		{A2E422D0-3315-48F4-AF0F-CD6764D3E4A2}.Release|Any CPU.Build.0 = Release|Any CPU
		{FC07C7DE-0C09-404E-B1B0-D94F36124E4D}.Debug|Any CPU.ActiveCfg = Debug|Any CPU
		{FC07C7DE-0C09-404E-B1B0-D94F36124E4D}.Debug|Any CPU.Build.0 = Debug|Any CPU
		{FC07C7DE-0C09-404E-B1B0-D94F36124E4D}.Release|Any CPU.ActiveCfg = Release|Any CPU
		{FC07C7DE-0C09-404E-B1B0-D94F36124E4D}.Release|Any CPU.Build.0 = Release|Any CPU
		{67866067-6D23-4D64-9025-31BB313B7CA5}.Debug|Any CPU.ActiveCfg = Debug|Any CPU
		{67866067-6D23-4D64-9025-31BB313B7CA5}.Debug|Any CPU.Build.0 = Debug|Any CPU
		{67866067-6D23-4D64-9025-31BB313B7CA5}.Release|Any CPU.ActiveCfg = Release|Any CPU
		{67866067-6D23-4D64-9025-31BB313B7CA5}.Release|Any CPU.Build.0 = Release|Any CPU
		{4077DAC2-FD68-4964-999C-A415EA9BCEAA}.Debug|Any CPU.ActiveCfg = Debug|Any CPU
		{4077DAC2-FD68-4964-999C-A415EA9BCEAA}.Debug|Any CPU.Build.0 = Debug|Any CPU
		{4077DAC2-FD68-4964-999C-A415EA9BCEAA}.Release|Any CPU.ActiveCfg = Release|Any CPU
		{4077DAC2-FD68-4964-999C-A415EA9BCEAA}.Release|Any CPU.Build.0 = Release|Any CPU
	EndGlobalSection
	GlobalSection(SolutionProperties) = preSolution
		HideSolutionNode = FALSE
	EndGlobalSection
	GlobalSection(ExtensibilityGlobals) = postSolution
		SolutionGuid = {AAB96A94-9614-46EA-9A58-9769155210B7}
	EndGlobalSection
EndGlobal
